// !$*UTF8*$!
{
	archiveVersion = 1;
	classes = {
	};
	objectVersion = 46;
	objects = {

/* Begin PBXBuildFile section */
		1735932B544925335B1BE9E2 /* libPods-RACDemo.a in Frameworks */ = {isa = PBXBuildFile; fileRef = B88D71BC340130232D96DDF4 /* libPods-RACDemo.a */; };
		3D0567FE1F1383410084D502 /* main.m in Sources */ = {isa = PBXBuildFile; fileRef = 3D0567FD1F1383410084D502 /* main.m */; };
		3D0568011F1383410084D502 /* AppDelegate.m in Sources */ = {isa = PBXBuildFile; fileRef = 3D0568001F1383410084D502 /* AppDelegate.m */; };
		3D0568071F1383410084D502 /* Main.storyboard in Resources */ = {isa = PBXBuildFile; fileRef = 3D0568051F1383410084D502 /* Main.storyboard */; };
		3D0568091F1383410084D502 /* Assets.xcassets in Resources */ = {isa = PBXBuildFile; fileRef = 3D0568081F1383410084D502 /* Assets.xcassets */; };
		3D05680C1F1383410084D502 /* LaunchScreen.storyboard in Resources */ = {isa = PBXBuildFile; fileRef = 3D05680A1F1383410084D502 /* LaunchScreen.storyboard */; };
		3D165FAD20297DAC00DD8C87 /* LoginViewController.m in Sources */ = {isa = PBXBuildFile; fileRef = 3D165FA520297DAC00DD8C87 /* LoginViewController.m */; };
		3D165FB020297DAC00DD8C87 /* LoginViewModel.m in Sources */ = {isa = PBXBuildFile; fileRef = 3D165FAC20297DAC00DD8C87 /* LoginViewModel.m */; };
		3D5F2B132026D95D00DDFB9D /* ViewController.m in Sources */ = {isa = PBXBuildFile; fileRef = 3D5F2B122026D95D00DDFB9D /* ViewController.m */; };
		3D9F1D83202AF662007EB41B /* Util.m in Sources */ = {isa = PBXBuildFile; fileRef = 3D9F1D82202AF661007EB41B /* Util.m */; };
		3D9F1D86202AF67F007EB41B /* NSString+Util.m in Sources */ = {isa = PBXBuildFile; fileRef = 3D9F1D85202AF67F007EB41B /* NSString+Util.m */; };
/* End PBXBuildFile section */

/* Begin PBXFileReference section */
		3D0567F91F1383410084D502 /* RACDemo.app */ = {isa = PBXFileReference; explicitFileType = wrapper.application; includeInIndex = 0; path = RACDemo.app; sourceTree = BUILT_PRODUCTS_DIR; };
		3D0567FD1F1383410084D502 /* main.m */ = {isa = PBXFileReference; lastKnownFileType = sourcecode.c.objc; path = main.m; sourceTree = "<group>"; };
		3D0567FF1F1383410084D502 /* AppDelegate.h */ = {isa = PBXFileReference; lastKnownFileType = sourcecode.c.h; path = AppDelegate.h; sourceTree = "<group>"; };
		3D0568001F1383410084D502 /* AppDelegate.m */ = {isa = PBXFileReference; lastKnownFileType = sourcecode.c.objc; path = AppDelegate.m; sourceTree = "<group>"; };
		3D0568061F1383410084D502 /* Base */ = {isa = PBXFileReference; lastKnownFileType = file.storyboard; name = Base; path = Base.lproj/Main.storyboard; sourceTree = "<group>"; };
		3D0568081F1383410084D502 /* Assets.xcassets */ = {isa = PBXFileReference; lastKnownFileType = folder.assetcatalog; path = Assets.xcassets; sourceTree = "<group>"; };
		3D05680B1F1383410084D502 /* Base */ = {isa = PBXFileReference; lastKnownFileType = file.storyboard; name = Base; path = Base.lproj/LaunchScreen.storyboard; sourceTree = "<group>"; };
		3D05680D1F1383410084D502 /* Info.plist */ = {isa = PBXFileReference; lastKnownFileType = text.plist.xml; path = Info.plist; sourceTree = "<group>"; };
		3D165FA420297DAC00DD8C87 /* LoginViewController.h */ = {isa = PBXFileReference; fileEncoding = 4; lastKnownFileType = sourcecode.c.h; path = LoginViewController.h; sourceTree = "<group>"; };
		3D165FA520297DAC00DD8C87 /* LoginViewController.m */ = {isa = PBXFileReference; fileEncoding = 4; lastKnownFileType = sourcecode.c.objc; path = LoginViewController.m; sourceTree = "<group>"; };
		3D165FAB20297DAC00DD8C87 /* LoginViewModel.h */ = {isa = PBXFileReference; fileEncoding = 4; lastKnownFileType = sourcecode.c.h; path = LoginViewModel.h; sourceTree = "<group>"; };
		3D165FAC20297DAC00DD8C87 /* LoginViewModel.m */ = {isa = PBXFileReference; fileEncoding = 4; lastKnownFileType = sourcecode.c.objc; path = LoginViewModel.m; sourceTree = "<group>"; };
		3D5F2B112026D95D00DDFB9D /* ViewController.h */ = {isa = PBXFileReference; fileEncoding = 4; lastKnownFileType = sourcecode.c.h; path = ViewController.h; sourceTree = "<group>"; };
		3D5F2B122026D95D00DDFB9D /* ViewController.m */ = {isa = PBXFileReference; fileEncoding = 4; lastKnownFileType = sourcecode.c.objc; path = ViewController.m; sourceTree = "<group>"; };
		3D9F1D81202AF661007EB41B /* Util.h */ = {isa = PBXFileReference; fileEncoding = 4; lastKnownFileType = sourcecode.c.h; path = Util.h; sourceTree = "<group>"; };
		3D9F1D82202AF661007EB41B /* Util.m */ = {isa = PBXFileReference; fileEncoding = 4; lastKnownFileType = sourcecode.c.objc; path = Util.m; sourceTree = "<group>"; };
		3D9F1D84202AF67F007EB41B /* NSString+Util.h */ = {isa = PBXFileReference; lastKnownFileType = sourcecode.c.h; path = "NSString+Util.h"; sourceTree = "<group>"; };
		3D9F1D85202AF67F007EB41B /* NSString+Util.m */ = {isa = PBXFileReference; lastKnownFileType = sourcecode.c.objc; path = "NSString+Util.m"; sourceTree = "<group>"; };
		9D5BB94C89DD46CAF99B9BA0 /* Pods-RACDemo.release.xcconfig */ = {isa = PBXFileReference; includeInIndex = 1; lastKnownFileType = text.xcconfig; name = "Pods-RACDemo.release.xcconfig"; path = "Pods/Target Support Files/Pods-RACDemo/Pods-RACDemo.release.xcconfig"; sourceTree = "<group>"; };
		B88D71BC340130232D96DDF4 /* libPods-RACDemo.a */ = {isa = PBXFileReference; explicitFileType = archive.ar; includeInIndex = 0; path = "libPods-RACDemo.a"; sourceTree = BUILT_PRODUCTS_DIR; };
		DDD15FF59B6CAE3A2D61C97B /* Pods-RACDemo.debug.xcconfig */ = {isa = PBXFileReference; includeInIndex = 1; lastKnownFileType = text.xcconfig; name = "Pods-RACDemo.debug.xcconfig"; path = "Pods/Target Support Files/Pods-RACDemo/Pods-RACDemo.debug.xcconfig"; sourceTree = "<group>"; };
/* End PBXFileReference section */

/* Begin PBXFrameworksBuildPhase section */
		3D0567F61F1383410084D502 /* Frameworks */ = {
			isa = PBXFrameworksBuildPhase;
			buildActionMask = 2147483647;
			files = (
				1735932B544925335B1BE9E2 /* libPods-RACDemo.a in Frameworks */,
			);
			runOnlyForDeploymentPostprocessing = 0;
		};
/* End PBXFrameworksBuildPhase section */

/* Begin PBXGroup section */
		3D0567F01F1383410084D502 = {
			isa = PBXGroup;
			children = (
				3D0567FB1F1383410084D502 /* RACDemo */,
				3D0567FA1F1383410084D502 /* Products */,
				41C36F1EA241F586859108CE /* Pods */,
				A18219376B5C9F823C841DDA /* Frameworks */,
			);
			sourceTree = "<group>";
		};
		3D0567FA1F1383410084D502 /* Products */ = {
			isa = PBXGroup;
			children = (
				3D0567F91F1383410084D502 /* RACDemo.app */,
			);
			name = Products;
			sourceTree = "<group>";
		};
		3D0567FB1F1383410084D502 /* RACDemo */ = {
			isa = PBXGroup;
			children = (
				3D0567FF1F1383410084D502 /* AppDelegate.h */,
				3D0568001F1383410084D502 /* AppDelegate.m */,
				3D165FB420297F4700DD8C87 /* General */,
				3D5F2B112026D95D00DDFB9D /* ViewController.h */,
				3D5F2B122026D95D00DDFB9D /* ViewController.m */,
				3D165FA220297DAC00DD8C87 /* MVVM */,
				3D0568051F1383410084D502 /* Main.storyboard */,
				3D0568081F1383410084D502 /* Assets.xcassets */,
				3D05680A1F1383410084D502 /* LaunchScreen.storyboard */,
				3D05680D1F1383410084D502 /* Info.plist */,
				3D0567FC1F1383410084D502 /* Supporting Files */,
			);
			path = RACDemo;
			sourceTree = "<group>";
		};
		3D0567FC1F1383410084D502 /* Supporting Files */ = {
			isa = PBXGroup;
			children = (
				3D0567FD1F1383410084D502 /* main.m */,
			);
			name = "Supporting Files";
			sourceTree = "<group>";
		};
		3D165FA220297DAC00DD8C87 /* MVVM */ = {
			isa = PBXGroup;
			children = (
				3D165FA320297DAC00DD8C87 /* Scene */,
				3D165FAA20297DAC00DD8C87 /* ViewModel */,
			);
			path = MVVM;
			sourceTree = "<group>";
		};
		3D165FA320297DAC00DD8C87 /* Scene */ = {
			isa = PBXGroup;
			children = (
				3D165FA420297DAC00DD8C87 /* LoginViewController.h */,
				3D165FA520297DAC00DD8C87 /* LoginViewController.m */,
			);
			path = Scene;
			sourceTree = "<group>";
		};
		3D165FAA20297DAC00DD8C87 /* ViewModel */ = {
			isa = PBXGroup;
			children = (
				3D165FAB20297DAC00DD8C87 /* LoginViewModel.h */,
				3D165FAC20297DAC00DD8C87 /* LoginViewModel.m */,
			);
			path = ViewModel;
			sourceTree = "<group>";
		};
		3D165FB420297F4700DD8C87 /* General */ = {
			isa = PBXGroup;
			children = (
				3D9F1D7F202AF661007EB41B /* Category */,
				3D9F1D80202AF661007EB41B /* Tool */,
			);
			path = General;
			sourceTree = "<group>";
		};
		3D9F1D7F202AF661007EB41B /* Category */ = {
			isa = PBXGroup;
			children = (
				3D9F1D84202AF67F007EB41B /* NSString+Util.h */,
				3D9F1D85202AF67F007EB41B /* NSString+Util.m */,
			);
			path = Category;
			sourceTree = "<group>";
		};
		3D9F1D80202AF661007EB41B /* Tool */ = {
			isa = PBXGroup;
			children = (
				3D9F1D81202AF661007EB41B /* Util.h */,
				3D9F1D82202AF661007EB41B /* Util.m */,
			);
			path = Tool;
			sourceTree = "<group>";
		};
		41C36F1EA241F586859108CE /* Pods */ = {
			isa = PBXGroup;
			children = (
				DDD15FF59B6CAE3A2D61C97B /* Pods-RACDemo.debug.xcconfig */,
				9D5BB94C89DD46CAF99B9BA0 /* Pods-RACDemo.release.xcconfig */,
			);
			name = Pods;
			sourceTree = "<group>";
		};
		A18219376B5C9F823C841DDA /* Frameworks */ = {
			isa = PBXGroup;
			children = (
				B88D71BC340130232D96DDF4 /* libPods-RACDemo.a */,
			);
			name = Frameworks;
			sourceTree = "<group>";
		};
/* End PBXGroup section */

/* Begin PBXNativeTarget section */
		3D0567F81F1383410084D502 /* RACDemo */ = {
			isa = PBXNativeTarget;
			buildConfigurationList = 3D0568101F1383410084D502 /* Build configuration list for PBXNativeTarget "RACDemo" */;
			buildPhases = (
				F8168B092206A6769AF47334 /* [CP] Check Pods Manifest.lock */,
				3D0567F51F1383410084D502 /* Sources */,
				3D0567F61F1383410084D502 /* Frameworks */,
				3D0567F71F1383410084D502 /* Resources */,
				7D0B3FB3B77288FADF053B45 /* [CP] Embed Pods Frameworks */,
				45B35E4BB15B46E4E342B06B /* [CP] Copy Pods Resources */,
			);
			buildRules = (
			);
			dependencies = (
			);
			name = RACDemo;
			productName = RACDemo;
			productReference = 3D0567F91F1383410084D502 /* RACDemo.app */;
			productType = "com.apple.product-type.application";
		};
/* End PBXNativeTarget section */

/* Begin PBXProject section */
		3D0567F11F1383410084D502 /* Project object */ = {
			isa = PBXProject;
			attributes = {
				LastUpgradeCheck = 0830;
				ORGANIZATIONNAME = PZK;
				TargetAttributes = {
					3D0567F81F1383410084D502 = {
						CreatedOnToolsVersion = 8.3.2;
						ProvisioningStyle = Manual;
					};
				};
			};
			buildConfigurationList = 3D0567F41F1383410084D502 /* Build configuration list for PBXProject "RACDemo" */;
			compatibilityVersion = "Xcode 3.2";
			developmentRegion = English;
			hasScannedForEncodings = 0;
			knownRegions = (
				en,
				Base,
			);
			mainGroup = 3D0567F01F1383410084D502;
			productRefGroup = 3D0567FA1F1383410084D502 /* Products */;
			projectDirPath = "";
			projectRoot = "";
			targets = (
				3D0567F81F1383410084D502 /* RACDemo */,
			);
		};
/* End PBXProject section */

/* Begin PBXResourcesBuildPhase section */
		3D0567F71F1383410084D502 /* Resources */ = {
			isa = PBXResourcesBuildPhase;
			buildActionMask = 2147483647;
			files = (
				3D05680C1F1383410084D502 /* LaunchScreen.storyboard in Resources */,
				3D0568091F1383410084D502 /* Assets.xcassets in Resources */,
				3D0568071F1383410084D502 /* Main.storyboard in Resources */,
			);
			runOnlyForDeploymentPostprocessing = 0;
		};
/* End PBXResourcesBuildPhase section */

/* Begin PBXShellScriptBuildPhase section */
		45B35E4BB15B46E4E342B06B /* [CP] Copy Pods Resources */ = {
			isa = PBXShellScriptBuildPhase;
			buildActionMask = 2147483647;
			files = (
			);
			inputPaths = (
			);
			name = "[CP] Copy Pods Resources";
			outputPaths = (
			);
			runOnlyForDeploymentPostprocessing = 0;
			shellPath = /bin/sh;
			shellScript = "\"${SRCROOT}/Pods/Target Support Files/Pods-RACDemo/Pods-RACDemo-resources.sh\"\n";
			showEnvVarsInLog = 0;
		};
		7D0B3FB3B77288FADF053B45 /* [CP] Embed Pods Frameworks */ = {
			isa = PBXShellScriptBuildPhase;
			buildActionMask = 2147483647;
			files = (
			);
			inputPaths = (
			);
			name = "[CP] Embed Pods Frameworks";
			outputPaths = (
			);
			runOnlyForDeploymentPostprocessing = 0;
			shellPath = /bin/sh;
			shellScript = "\"${SRCROOT}/Pods/Target Support Files/Pods-RACDemo/Pods-RACDemo-frameworks.sh\"\n";
			showEnvVarsInLog = 0;
		};
		F8168B092206A6769AF47334 /* [CP] Check Pods Manifest.lock */ = {
			isa = PBXShellScriptBuildPhase;
			buildActionMask = 2147483647;
			files = (
			);
			inputPaths = (
			);
			name = "[CP] Check Pods Manifest.lock";
			outputPaths = (
			);
			runOnlyForDeploymentPostprocessing = 0;
			shellPath = /bin/sh;
			shellScript = "diff \"${PODS_PODFILE_DIR_PATH}/Podfile.lock\" \"${PODS_ROOT}/Manifest.lock\" > /dev/null\nif [ $? != 0 ] ; then\n    # print error to STDERR\n    echo \"error: The sandbox is not in sync with the Podfile.lock. Run 'pod install' or update your CocoaPods installation.\" >&2\n    exit 1\nfi\n";
			showEnvVarsInLog = 0;
		};
/* End PBXShellScriptBuildPhase section */

/* Begin PBXSourcesBuildPhase section */
		3D0567F51F1383410084D502 /* Sources */ = {
			isa = PBXSourcesBuildPhase;
			buildActionMask = 2147483647;
			files = (
				3D165FAD20297DAC00DD8C87 /* LoginViewController.m in Sources */,
				3D5F2B132026D95D00DDFB9D /* ViewController.m in Sources */,
				3D165FB020297DAC00DD8C87 /* LoginViewModel.m in Sources */,
				3D9F1D86202AF67F007EB41B /* NSString+Util.m in Sources */,
				3D0568011F1383410084D502 /* AppDelegate.m in Sources */,
				3D0567FE1F1383410084D502 /* main.m in Sources */,
				3D9F1D83202AF662007EB41B /* Util.m in Sources */,
			);
			runOnlyForDeploymentPostprocessing = 0;
		};
/* End PBXSourcesBuildPhase section */

/* Begin PBXVariantGroup section */
		3D0568051F1383410084D502 /* Main.storyboard */ = {
			isa = PBXVariantGroup;
			children = (
				3D0568061F1383410084D502 /* Base */,
			);
			name = Main.storyboard;
			sourceTree = "<group>";
		};
		3D05680A1F1383410084D502 /* LaunchScreen.storyboard */ = {
			isa = PBXVariantGroup;
			children = (
				3D05680B1F1383410084D502 /* Base */,
			);
			name = LaunchScreen.storyboard;
			sourceTree = "<group>";
		};
/* End PBXVariantGroup section */

/* Begin XCBuildConfiguration section */
		3D05680E1F1383410084D502 /* Debug */ = {
			isa = XCBuildConfiguration;
			buildSettings = {
				ALWAYS_SEARCH_USER_PATHS = NO;
				CLANG_ANALYZER_NONNULL = YES;
				CLANG_ANALYZER_NUMBER_OBJECT_CONVERSION = YES_AGGRESSIVE;
				CLANG_CXX_LANGUAGE_STANDARD = "gnu++0x";
				CLANG_CXX_LIBRARY = "libc++";
				CLANG_ENABLE_MODULES = YES;
				CLANG_ENABLE_OBJC_ARC = YES;
				CLANG_WARN_BOOL_CONVERSION = YES;
				CLANG_WARN_CONSTANT_CONVERSION = YES;
				CLANG_WARN_DIRECT_OBJC_ISA_USAGE = YES_ERROR;
				CLANG_WARN_DOCUMENTATION_COMMENTS = YES;
				CLANG_WARN_EMPTY_BODY = YES;
				CLANG_WARN_ENUM_CONVERSION = YES;
				CLANG_WARN_INFINITE_RECURSION = YES;
				CLANG_WARN_INT_CONVERSION = YES;
				CLANG_WARN_OBJC_ROOT_CLASS = YES_ERROR;
				CLANG_WARN_SUSPICIOUS_MOVE = YES;
				CLANG_WARN_UNREACHABLE_CODE = YES;
				CLANG_WARN__DUPLICATE_METHOD_MATCH = YES;
				"CODE_SIGN_IDENTITY[sdk=iphoneos*]" = "iPhone Developer";
				COPY_PHASE_STRIP = NO;
				DEBUG_INFORMATION_FORMAT = dwarf;
				ENABLE_STRICT_OBJC_MSGSEND = YES;
				ENABLE_TESTABILITY = YES;
				GCC_C_LANGUAGE_STANDARD = gnu99;
				GCC_DYNAMIC_NO_PIC = NO;
				GCC_NO_COMMON_BLOCKS = YES;
				GCC_OPTIMIZATION_LEVEL = 0;
				GCC_PREPROCESSOR_DEFINITIONS = (
					"DEBUG=1",
					"$(inherited)",
				);
				GCC_WARN_64_TO_32_BIT_CONVERSION = YES;
				GCC_WARN_ABOUT_RETURN_TYPE = YES_ERROR;
				GCC_WARN_UNDECLARED_SELECTOR = YES;
				GCC_WARN_UNINITIALIZED_AUTOS = YES_AGGRESSIVE;
				GCC_WARN_UNUSED_FUNCTION = YES;
				GCC_WARN_UNUSED_VARIABLE = YES;
				IPHONEOS_DEPLOYMENT_TARGET = 10.3;
				MTL_ENABLE_DEBUG_INFO = YES;
				ONLY_ACTIVE_ARCH = YES;
				SDKROOT = iphoneos;
			};
			name = Debug;
		};
		3D05680F1F1383410084D502 /* Release */ = {
			isa = XCBuildConfiguration;
			buildSettings = {
				ALWAYS_SEARCH_USER_PATHS = NO;
				CLANG_ANALYZER_NONNULL = YES;
				CLANG_ANALYZER_NUMBER_OBJECT_CONVERSION = YES_AGGRESSIVE;
				CLANG_CXX_LANGUAGE_STANDARD = "gnu++0x";
				CLANG_CXX_LIBRARY = "libc++";
				CLANG_ENABLE_MODULES = YES;
				CLANG_ENABLE_OBJC_ARC = YES;
				CLANG_WARN_BOOL_CONVERSION = YES;
				CLANG_WARN_CONSTANT_CONVERSION = YES;
				CLANG_WARN_DIRECT_OBJC_ISA_USAGE = YES_ERROR;
				CLANG_WARN_DOCUMENTATION_COMMENTS = YES;
				CLANG_WARN_EMPTY_BODY = YES;
				CLANG_WARN_ENUM_CONVERSION = YES;
				CLANG_WARN_INFINITE_RECURSION = YES;
				CLANG_WARN_INT_CONVERSION = YES;
				CLANG_WARN_OBJC_ROOT_CLASS = YES_ERROR;
				CLANG_WARN_SUSPICIOUS_MOVE = YES;
				CLANG_WARN_UNREACHABLE_CODE = YES;
				CLANG_WARN__DUPLICATE_METHOD_MATCH = YES;
				"CODE_SIGN_IDENTITY[sdk=iphoneos*]" = "iPhone Developer";
				COPY_PHASE_STRIP = NO;
				DEBUG_INFORMATION_FORMAT = "dwarf-with-dsym";
				ENABLE_NS_ASSERTIONS = NO;
				ENABLE_STRICT_OBJC_MSGSEND = YES;
				GCC_C_LANGUAGE_STANDARD = gnu99;
				GCC_NO_COMMON_BLOCKS = YES;
				GCC_WARN_64_TO_32_BIT_CONVERSION = YES;
				GCC_WARN_ABOUT_RETURN_TYPE = YES_ERROR;
				GCC_WARN_UNDECLARED_SELECTOR = YES;
				GCC_WARN_UNINITIALIZED_AUTOS = YES_AGGRESSIVE;
				GCC_WARN_UNUSED_FUNCTION = YES;
				GCC_WARN_UNUSED_VARIABLE = YES;
				IPHONEOS_DEPLOYMENT_TARGET = 10.3;
				MTL_ENABLE_DEBUG_INFO = NO;
				SDKROOT = iphoneos;
				VALIDATE_PRODUCT = YES;
			};
			name = Release;
		};
		3D0568111F1383410084D502 /* Debug */ = {
			isa = XCBuildConfiguration;
			baseConfigurationReference = DDD15FF59B6CAE3A2D61C97B /* Pods-RACDemo.debug.xcconfig */;
			buildSettings = {
				ASSETCATALOG_COMPILER_APPICON_NAME = AppIcon;
				CODE_SIGN_STYLE = Manual;
				DEVELOPMENT_TEAM = "";
				INFOPLIST_FILE = RACDemo/Info.plist;
				IPHONEOS_DEPLOYMENT_TARGET = 8.0;
				LD_RUNPATH_SEARCH_PATHS = "$(inherited) @executable_path/Frameworks";
				PRODUCT_BUNDLE_IDENTIFIER = com.pzk.RACDemo;
				PRODUCT_NAME = "$(TARGET_NAME)";
				PROVISIONING_PROFILE_SPECIFIER = "";
			};
			name = Debug;
		};
		3D0568121F1383410084D502 /* Release */ = {
			isa = XCBuildConfiguration;
			baseConfigurationReference = 9D5BB94C89DD46CAF99B9BA0 /* Pods-RACDemo.release.xcconfig */;
			buildSettings = {
				ASSETCATALOG_COMPILER_APPICON_NAME = AppIcon;
				CODE_SIGN_STYLE = Manual;
				DEVELOPMENT_TEAM = "";
				INFOPLIST_FILE = RACDemo/Info.plist;
				IPHONEOS_DEPLOYMENT_TARGET = 8.0;
				LD_RUNPATH_SEARCH_PATHS = "$(inherited) @executable_path/Frameworks";
				PRODUCT_BUNDLE_IDENTIFIER = com.pzk.RACDemo;
				PRODUCT_NAME = "$(TARGET_NAME)";
				PROVISIONING_PROFILE_SPECIFIER = "";
			};
			name = Release;
		};
/* End XCBuildConfiguration section */

/* Begin XCConfigurationList section */
		3D0567F41F1383410084D502 /* Build configuration list for PBXProject "RACDemo" */ = {
			isa = XCConfigurationList;
			buildConfigurations = (
				3D05680E1F1383410084D502 /* Debug */,
				3D05680F1F1383410084D502 /* Release */,
			);
			defaultConfigurationIsVisible = 0;
			defaultConfigurationName = Release;
		};
		3D0568101F1383410084D502 /* Build configuration list for PBXNativeTarget "RACDemo" */ = {
			isa = XCConfigurationList;
			buildConfigurations = (
				3D0568111F1383410084D502 /* Debug */,
				3D0568121F1383410084D502 /* Release */,
			);
			defaultConfigurationIsVisible = 0;
			defaultConfigurationName = Release;
		};
/* End XCConfigurationList section */
	};
	rootObject = 3D0567F11F1383410084D502 /* Project object */;
}
